
Microsoft Visual Studio Solution File, Format Version 12.00
# Visual Studio Version 17
VisualStudioVersion = 17.9.34728.123
MinimumVisualStudioVersion = 10.0.40219.1
Project("{FAE04EC0-301F-11D3-BF4B-00C04F79EFBC}") = "MyProjectTwo_GameSpace", "MyProjectTwo_GameSpace.csproj", "{5A417455-D013-4EFB-88E5-D5201BC09095}"
EndProject
Global
	GlobalSection(SolutionConfigurationPlatforms) = preSolution
		Debug|Any CPU = Debug|Any CPU
		Release|Any CPU = Release|Any CPU
	EndGlobalSection
	GlobalSection(ProjectConfigurationPlatforms) = postSolution
		{5A417455-D013-4EFB-88E5-D5201BC09095}.Debug|Any CPU.ActiveCfg = Debug|Any CPU
		{5A417455-D013-4EFB-88E5-D5201BC09095}.Debug|Any CPU.Build.0 = Debug|Any CPU
		{5A417455-D013-4EFB-88E5-D5201BC09095}.Release|Any CPU.ActiveCfg = Release|Any CPU
		{5A417455-D013-4EFB-88E5-D5201BC09095}.Release|Any CPU.Build.0 = Release|Any CPU
	EndGlobalSection
	GlobalSection(SolutionProperties) = preSolution
		HideSolutionNode = FALSE
	EndGlobalSection
	GlobalSection(ExtensibilityGlobals) = postSolution
		SolutionGuid = {C077979D-1C53-43B4-B50E-058A834F07DB}
	EndGlobalSection
EndGlobal
